
Microsoft Visual Studio Solution File, Format Version 12.00
# Visual Studio Version 16
VisualStudioVersion = 16.0.31424.327
MinimumVisualStudioVersion = 10.0.40219.1
Project("{9A19103F-16F7-4668-BE54-9A1E7A4F7556}") = "TesseractNet5", "TesseractNet5\TesseractNet5.csproj", "{06B966B8-50B0-42B0-9CB1-8DF7ACD9CF5C}"
EndProject
Global
	GlobalSection(SolutionConfigurationPlatforms) = preSolution
		Debug|Any CPU = Debug|Any CPU
		Release|Any CPU = Release|Any CPU
	EndGlobalSection
	GlobalSection(ProjectConfigurationPlatforms) = postSolution
		{06B966B8-50B0-42B0-9CB1-8DF7ACD9CF5C}.Debug|Any CPU.ActiveCfg = Debug|Any CPU
		{06B966B8-50B0-42B0-9CB1-8DF7ACD9CF5C}.Debug|Any CPU.Build.0 = Debug|Any CPU
		{06B966B8-50B0-42B0-9CB1-8DF7ACD9CF5C}.Release|Any CPU.ActiveCfg = Release|Any CPU
		{06B966B8-50B0-42B0-9CB1-8DF7ACD9CF5C}.Release|Any CPU.Build.0 = Release|Any CPU
	EndGlobalSection
	GlobalSection(SolutionProperties) = preSolution
		HideSolutionNode = FALSE
	EndGlobalSection
	GlobalSection(ExtensibilityGlobals) = postSolution
		SolutionGuid = {1391A221-4B8C-4272-91D5-7AC8128E32B0}
	EndGlobalSection
EndGlobal
